// !$*UTF8*$!
{
	archiveVersion = 1;
	classes = {
	};
	objectVersion = 56;
	objects = {

/* Begin PBXBuildFile section */
		59109B3329A4E58C007D328A /* UserProfileScreen.swift in Sources */ = {isa = PBXBuildFile; fileRef = 59109B3229A4E58C007D328A /* UserProfileScreen.swift */; };
		5924E6F529ACB1FD007E10B5 /* SendResetPasswordOTPResponseModel.swift in Sources */ = {isa = PBXBuildFile; fileRef = 5924E6F429ACB1FD007E10B5 /* SendResetPasswordOTPResponseModel.swift */; };
		5924E6F729ACB23A007E10B5 /* SendResetPasswordOTPApi.swift in Sources */ = {isa = PBXBuildFile; fileRef = 5924E6F629ACB23A007E10B5 /* SendResetPasswordOTPApi.swift */; };
		5924E6F929ACB490007E10B5 /* ForgotPasswordEmailScreen.swift in Sources */ = {isa = PBXBuildFile; fileRef = 5924E6F829ACB490007E10B5 /* ForgotPasswordEmailScreen.swift */; };
		5924E6FE29ACBC0E007E10B5 /* VerifyOTPResponseModel.swift in Sources */ = {isa = PBXBuildFile; fileRef = 5924E6FD29ACBC0E007E10B5 /* VerifyOTPResponseModel.swift */; };
		5924E70029ACBD24007E10B5 /* VerifyOTPApi.swift in Sources */ = {isa = PBXBuildFile; fileRef = 5924E6FF29ACBD24007E10B5 /* VerifyOTPApi.swift */; };
		5924E70529ACD267007E10B5 /* NewPasswordResponseModel.swift in Sources */ = {isa = PBXBuildFile; fileRef = 5924E70429ACD267007E10B5 /* NewPasswordResponseModel.swift */; };
		5924E70729ACD288007E10B5 /* NewPasswordApi.swift in Sources */ = {isa = PBXBuildFile; fileRef = 5924E70629ACD288007E10B5 /* NewPasswordApi.swift */; };
		593E57D829AF79A300416EE1 /* GetReplyOnRatingResponseModel.swift in Sources */ = {isa = PBXBuildFile; fileRef = 593E57D729AF79A300416EE1 /* GetReplyOnRatingResponseModel.swift */; };
		593E57DA29AF7C8100416EE1 /* GetReplyOnReviewsApi.swift in Sources */ = {isa = PBXBuildFile; fileRef = 593E57D929AF7C8100416EE1 /* GetReplyOnReviewsApi.swift */; };
		5943177D29A389AC007A28EC /* Review_AppApp.swift in Sources */ = {isa = PBXBuildFile; fileRef = 5943177C29A389AC007A28EC /* Review_AppApp.swift */; };
		5943177F29A389AC007A28EC /* ContentView.swift in Sources */ = {isa = PBXBuildFile; fileRef = 5943177E29A389AC007A28EC /* ContentView.swift */; };
		5943178129A389B3007A28EC /* Assets.xcassets in Resources */ = {isa = PBXBuildFile; fileRef = 5943178029A389B3007A28EC /* Assets.xcassets */; };
		5943178429A389B3007A28EC /* Preview Assets.xcassets in Resources */ = {isa = PBXBuildFile; fileRef = 5943178329A389B3007A28EC /* Preview Assets.xcassets */; };
		5943178D29A389DC007A28EC /* cera_pro_regular.otf in Resources */ = {isa = PBXBuildFile; fileRef = 5943178B29A389DC007A28EC /* cera_pro_regular.otf */; };
		5943178E29A389DC007A28EC /* AppFonts.swift in Sources */ = {isa = PBXBuildFile; fileRef = 5943178C29A389DC007A28EC /* AppFonts.swift */; };
		5943179729A389EB007A28EC /* AppColors.swift in Sources */ = {isa = PBXBuildFile; fileRef = 5943179029A389EA007A28EC /* AppColors.swift */; };
		5943179829A389EB007A28EC /* AppImages.swift in Sources */ = {isa = PBXBuildFile; fileRef = 5943179129A389EA007A28EC /* AppImages.swift */; };
		5943179929A389EB007A28EC /* ImagePicker.swift in Sources */ = {isa = PBXBuildFile; fileRef = 5943179229A389EA007A28EC /* ImagePicker.swift */; };
		5943179A29A389EB007A28EC /* Shimmer.swift in Sources */ = {isa = PBXBuildFile; fileRef = 5943179329A389EA007A28EC /* Shimmer.swift */; };
		5943179B29A389EB007A28EC /* SeekBar.swift in Sources */ = {isa = PBXBuildFile; fileRef = 5943179429A389EA007A28EC /* SeekBar.swift */; };
		5943179C29A389EB007A28EC /* PinkButton.swift in Sources */ = {isa = PBXBuildFile; fileRef = 5943179529A389EA007A28EC /* PinkButton.swift */; };
		5943179D29A389EB007A28EC /* ImageViewer.swift in Sources */ = {isa = PBXBuildFile; fileRef = 5943179629A389EA007A28EC /* ImageViewer.swift */; };
		594317A029A38A5E007A28EC /* Kingfisher in Frameworks */ = {isa = PBXBuildFile; productRef = 5943179F29A38A5E007A28EC /* Kingfisher */; };
		594317A329A38A8F007A28EC /* Shimmer in Frameworks */ = {isa = PBXBuildFile; productRef = 594317A229A38A8F007A28EC /* Shimmer */; };
		594317A629A38BEE007A28EC /* SignupScreen.swift in Sources */ = {isa = PBXBuildFile; fileRef = 594317A529A38BEE007A28EC /* SignupScreen.swift */; };
		594317A829A394BB007A28EC /* LoginScreen.swift in Sources */ = {isa = PBXBuildFile; fileRef = 594317A729A394BB007A28EC /* LoginScreen.swift */; };
		594317AA29A39628007A28EC /* LoginSwicher.swift in Sources */ = {isa = PBXBuildFile; fileRef = 594317A929A39628007A28EC /* LoginSwicher.swift */; };
		594317AC29A398C9007A28EC /* ForgotPasswordScreen.swift in Sources */ = {isa = PBXBuildFile; fileRef = 594317AB29A398C9007A28EC /* ForgotPasswordScreen.swift */; };
		5943C21B29A3A24B00586DE0 /* VerifyOTPScreen.swift in Sources */ = {isa = PBXBuildFile; fileRef = 5943C21A29A3A24B00586DE0 /* VerifyOTPScreen.swift */; };
		597BE87F29A49B5400E014ED /* CreateProfileScreen.swift in Sources */ = {isa = PBXBuildFile; fileRef = 597BE87E29A49B5400E014ED /* CreateProfileScreen.swift */; };
		597BE88129A4C69000E014ED /* EditProfileScreen.swift in Sources */ = {isa = PBXBuildFile; fileRef = 597BE88029A4C69000E014ED /* EditProfileScreen.swift */; };
		597BE88329A4CE1600E014ED /* MyProfileScreen.swift in Sources */ = {isa = PBXBuildFile; fileRef = 597BE88229A4CE1600E014ED /* MyProfileScreen.swift */; };
		597BE88529A4D9B200E014ED /* MainTabContainer.swift in Sources */ = {isa = PBXBuildFile; fileRef = 597BE88429A4D9B200E014ED /* MainTabContainer.swift */; };
		597BE88729A4DBBF00E014ED /* HomeScreen.swift in Sources */ = {isa = PBXBuildFile; fileRef = 597BE88629A4DBBE00E014ED /* HomeScreen.swift */; };
		59849E4129A6162C0047373D /* LoginResponseModel.swift in Sources */ = {isa = PBXBuildFile; fileRef = 59849E3E29A6162C0047373D /* LoginResponseModel.swift */; };
		59849E4229A6162C0047373D /* LoginApi.swift in Sources */ = {isa = PBXBuildFile; fileRef = 59849E4029A6162C0047373D /* LoginApi.swift */; };
		59A39CD529A6202E0087E6B1 /* getProfileResponseModel.swift in Sources */ = {isa = PBXBuildFile; fileRef = 59A39CD229A6202E0087E6B1 /* getProfileResponseModel.swift */; };
		59A39CD629A6202E0087E6B1 /* getProfileApi.swift in Sources */ = {isa = PBXBuildFile; fileRef = 59A39CD429A6202E0087E6B1 /* getProfileApi.swift */; };
		59A39CDB29A62CEB0087E6B1 /* GetAllUsersResponseModel.swift in Sources */ = {isa = PBXBuildFile; fileRef = 59A39CDA29A62CEB0087E6B1 /* GetAllUsersResponseModel.swift */; };
		59A39CDD29A62DCF0087E6B1 /* GetAllUsersApi.swift in Sources */ = {isa = PBXBuildFile; fileRef = 59A39CDC29A62DCF0087E6B1 /* GetAllUsersApi.swift */; };
		59A39CEB29A6415D0087E6B1 /* AddProfileDataResponseModel.swift in Sources */ = {isa = PBXBuildFile; fileRef = 59A39CE729A6415D0087E6B1 /* AddProfileDataResponseModel.swift */; };
		59A39CED29A6415D0087E6B1 /* AddProfileDataApi.swift in Sources */ = {isa = PBXBuildFile; fileRef = 59A39CEA29A6415D0087E6B1 /* AddProfileDataApi.swift */; };
		59ACA1FE29A5F1BF00EC229A /* AppData.swift in Sources */ = {isa = PBXBuildFile; fileRef = 59ACA1FD29A5F1BF00EC229A /* AppData.swift */; };
		59ACA20229A5F20900EC229A /* NetworkConfigs.swift in Sources */ = {isa = PBXBuildFile; fileRef = 59ACA20129A5F20900EC229A /* NetworkConfigs.swift */; };
		59ACA20A29A5F24E00EC229A /* RegisterResponseModel.swift in Sources */ = {isa = PBXBuildFile; fileRef = 59ACA20629A5F24D00EC229A /* RegisterResponseModel.swift */; };
		59ACA20B29A5F24E00EC229A /* RegisterApi.swift in Sources */ = {isa = PBXBuildFile; fileRef = 59ACA20829A5F24D00EC229A /* RegisterApi.swift */; };
		59ACA20D29A5F5FC00EC229A /* Toast.swift in Sources */ = {isa = PBXBuildFile; fileRef = 59ACA20C29A5F5FC00EC229A /* Toast.swift */; };
		59ACA21029A5F85000EC229A /* MultipartFormDataKit in Frameworks */ = {isa = PBXBuildFile; productRef = 59ACA20F29A5F85000EC229A /* MultipartFormDataKit */; };
		59ACA21329A5F86300EC229A /* MultipartForm in Frameworks */ = {isa = PBXBuildFile; productRef = 59ACA21229A5F86300EC229A /* MultipartForm */; };
		59ACA21529A5F8A600EC229A /* Constants.swift in Sources */ = {isa = PBXBuildFile; fileRef = 59ACA21429A5F8A600EC229A /* Constants.swift */; };
		59E65EA529A7374D005AC052 /* LogoutScreen.swift in Sources */ = {isa = PBXBuildFile; fileRef = 59E65EA429A7374C005AC052 /* LogoutScreen.swift */; };
		59E65EAA29A73CD0005AC052 /* EditProfileResponseModel.swift in Sources */ = {isa = PBXBuildFile; fileRef = 59E65EA929A73CD0005AC052 /* EditProfileResponseModel.swift */; };
		59E65EAC29A73DC9005AC052 /* EditProfileApi.swift in Sources */ = {isa = PBXBuildFile; fileRef = 59E65EAB29A73DC9005AC052 /* EditProfileApi.swift */; };
		59E65EB129A74FDD005AC052 /* GetUserDetailsResponseModel.swift in Sources */ = {isa = PBXBuildFile; fileRef = 59E65EB029A74FDD005AC052 /* GetUserDetailsResponseModel.swift */; };
		59E65EB329A75037005AC052 /* GetUserDetailsApi.swift in Sources */ = {isa = PBXBuildFile; fileRef = 59E65EB229A75037005AC052 /* GetUserDetailsApi.swift */; };
		59E65EB829A7773E005AC052 /* GetReviewsResponseModel.swift in Sources */ = {isa = PBXBuildFile; fileRef = 59E65EB729A7773E005AC052 /* GetReviewsResponseModel.swift */; };
		59E65EBA29A779CD005AC052 /* GetReviewsApi.swift in Sources */ = {isa = PBXBuildFile; fileRef = 59E65EB929A779CD005AC052 /* GetReviewsApi.swift */; };
/* End PBXBuildFile section */

/* Begin PBXFileReference section */
		59109B3229A4E58C007D328A /* UserProfileScreen.swift */ = {isa = PBXFileReference; lastKnownFileType = sourcecode.swift; path = UserProfileScreen.swift; sourceTree = "<group>"; };
		5924E6F429ACB1FD007E10B5 /* SendResetPasswordOTPResponseModel.swift */ = {isa = PBXFileReference; lastKnownFileType = sourcecode.swift; path = SendResetPasswordOTPResponseModel.swift; sourceTree = "<group>"; };
		5924E6F629ACB23A007E10B5 /* SendResetPasswordOTPApi.swift */ = {isa = PBXFileReference; lastKnownFileType = sourcecode.swift; path = SendResetPasswordOTPApi.swift; sourceTree = "<group>"; };
		5924E6F829ACB490007E10B5 /* ForgotPasswordEmailScreen.swift */ = {isa = PBXFileReference; lastKnownFileType = sourcecode.swift; path = ForgotPasswordEmailScreen.swift; sourceTree = "<group>"; };
		5924E6FD29ACBC0E007E10B5 /* VerifyOTPResponseModel.swift */ = {isa = PBXFileReference; lastKnownFileType = sourcecode.swift; path = VerifyOTPResponseModel.swift; sourceTree = "<group>"; };
		5924E6FF29ACBD24007E10B5 /* VerifyOTPApi.swift */ = {isa = PBXFileReference; lastKnownFileType = sourcecode.swift; path = VerifyOTPApi.swift; sourceTree = "<group>"; };
		5924E70429ACD267007E10B5 /* NewPasswordResponseModel.swift */ = {isa = PBXFileReference; lastKnownFileType = sourcecode.swift; path = NewPasswordResponseModel.swift; sourceTree = "<group>"; };
		5924E70629ACD288007E10B5 /* NewPasswordApi.swift */ = {isa = PBXFileReference; lastKnownFileType = sourcecode.swift; path = NewPasswordApi.swift; sourceTree = "<group>"; };
		593E57D729AF79A300416EE1 /* GetReplyOnRatingResponseModel.swift */ = {isa = PBXFileReference; lastKnownFileType = sourcecode.swift; path = GetReplyOnRatingResponseModel.swift; sourceTree = "<group>"; };
		593E57D929AF7C8100416EE1 /* GetReplyOnReviewsApi.swift */ = {isa = PBXFileReference; lastKnownFileType = sourcecode.swift; path = GetReplyOnReviewsApi.swift; sourceTree = "<group>"; };
		5943177929A389AC007A28EC /* Review App.app */ = {isa = PBXFileReference; explicitFileType = wrapper.application; includeInIndex = 0; path = "Review App.app"; sourceTree = BUILT_PRODUCTS_DIR; };
		5943177C29A389AC007A28EC /* Review_AppApp.swift */ = {isa = PBXFileReference; lastKnownFileType = sourcecode.swift; path = Review_AppApp.swift; sourceTree = "<group>"; };
		5943177E29A389AC007A28EC /* ContentView.swift */ = {isa = PBXFileReference; lastKnownFileType = sourcecode.swift; path = ContentView.swift; sourceTree = "<group>"; };
		5943178029A389B3007A28EC /* Assets.xcassets */ = {isa = PBXFileReference; lastKnownFileType = folder.assetcatalog; path = Assets.xcassets; sourceTree = "<group>"; };
		5943178329A389B3007A28EC /* Preview Assets.xcassets */ = {isa = PBXFileReference; lastKnownFileType = folder.assetcatalog; path = "Preview Assets.xcassets"; sourceTree = "<group>"; };
		5943178B29A389DC007A28EC /* cera_pro_regular.otf */ = {isa = PBXFileReference; lastKnownFileType = file; path = cera_pro_regular.otf; sourceTree = "<group>"; };
		5943178C29A389DC007A28EC /* AppFonts.swift */ = {isa = PBXFileReference; fileEncoding = 4; lastKnownFileType = sourcecode.swift; path = AppFonts.swift; sourceTree = "<group>"; };
		5943179029A389EA007A28EC /* AppColors.swift */ = {isa = PBXFileReference; fileEncoding = 4; lastKnownFileType = sourcecode.swift; path = AppColors.swift; sourceTree = "<group>"; };
		5943179129A389EA007A28EC /* AppImages.swift */ = {isa = PBXFileReference; fileEncoding = 4; lastKnownFileType = sourcecode.swift; path = AppImages.swift; sourceTree = "<group>"; };
		5943179229A389EA007A28EC /* ImagePicker.swift */ = {isa = PBXFileReference; fileEncoding = 4; lastKnownFileType = sourcecode.swift; path = ImagePicker.swift; sourceTree = "<group>"; };
		5943179329A389EA007A28EC /* Shimmer.swift */ = {isa = PBXFileReference; fileEncoding = 4; lastKnownFileType = sourcecode.swift; path = Shimmer.swift; sourceTree = "<group>"; };
		5943179429A389EA007A28EC /* SeekBar.swift */ = {isa = PBXFileReference; fileEncoding = 4; lastKnownFileType = sourcecode.swift; path = SeekBar.swift; sourceTree = "<group>"; };
		5943179529A389EA007A28EC /* PinkButton.swift */ = {isa = PBXFileReference; fileEncoding = 4; lastKnownFileType = sourcecode.swift; path = PinkButton.swift; sourceTree = "<group>"; };
		5943179629A389EA007A28EC /* ImageViewer.swift */ = {isa = PBXFileReference; fileEncoding = 4; lastKnownFileType = sourcecode.swift; path = ImageViewer.swift; sourceTree = "<group>"; };
		594317A529A38BEE007A28EC /* SignupScreen.swift */ = {isa = PBXFileReference; lastKnownFileType = sourcecode.swift; path = SignupScreen.swift; sourceTree = "<group>"; };
		594317A729A394BB007A28EC /* LoginScreen.swift */ = {isa = PBXFileReference; lastKnownFileType = sourcecode.swift; path = LoginScreen.swift; sourceTree = "<group>"; };
		594317A929A39628007A28EC /* LoginSwicher.swift */ = {isa = PBXFileReference; lastKnownFileType = sourcecode.swift; path = LoginSwicher.swift; sourceTree = "<group>"; };
		594317AB29A398C9007A28EC /* ForgotPasswordScreen.swift */ = {isa = PBXFileReference; lastKnownFileType = sourcecode.swift; path = ForgotPasswordScreen.swift; sourceTree = "<group>"; };
		5943C21A29A3A24B00586DE0 /* VerifyOTPScreen.swift */ = {isa = PBXFileReference; lastKnownFileType = sourcecode.swift; path = VerifyOTPScreen.swift; sourceTree = "<group>"; };
		597BE87E29A49B5400E014ED /* CreateProfileScreen.swift */ = {isa = PBXFileReference; lastKnownFileType = sourcecode.swift; path = CreateProfileScreen.swift; sourceTree = "<group>"; };
		597BE88029A4C69000E014ED /* EditProfileScreen.swift */ = {isa = PBXFileReference; lastKnownFileType = sourcecode.swift; path = EditProfileScreen.swift; sourceTree = "<group>"; };
		597BE88229A4CE1600E014ED /* MyProfileScreen.swift */ = {isa = PBXFileReference; lastKnownFileType = sourcecode.swift; path = MyProfileScreen.swift; sourceTree = "<group>"; };
		597BE88429A4D9B200E014ED /* MainTabContainer.swift */ = {isa = PBXFileReference; fileEncoding = 4; lastKnownFileType = sourcecode.swift; path = MainTabContainer.swift; sourceTree = "<group>"; };
		597BE88629A4DBBE00E014ED /* HomeScreen.swift */ = {isa = PBXFileReference; lastKnownFileType = sourcecode.swift; path = HomeScreen.swift; sourceTree = "<group>"; };
		59849E3E29A6162C0047373D /* LoginResponseModel.swift */ = {isa = PBXFileReference; fileEncoding = 4; lastKnownFileType = sourcecode.swift; path = LoginResponseModel.swift; sourceTree = "<group>"; };
		59849E4029A6162C0047373D /* LoginApi.swift */ = {isa = PBXFileReference; fileEncoding = 4; lastKnownFileType = sourcecode.swift; path = LoginApi.swift; sourceTree = "<group>"; };
		59A39CD229A6202E0087E6B1 /* getProfileResponseModel.swift */ = {isa = PBXFileReference; fileEncoding = 4; lastKnownFileType = sourcecode.swift; path = getProfileResponseModel.swift; sourceTree = "<group>"; };
		59A39CD429A6202E0087E6B1 /* getProfileApi.swift */ = {isa = PBXFileReference; fileEncoding = 4; lastKnownFileType = sourcecode.swift; path = getProfileApi.swift; sourceTree = "<group>"; };
		59A39CDA29A62CEB0087E6B1 /* GetAllUsersResponseModel.swift */ = {isa = PBXFileReference; lastKnownFileType = sourcecode.swift; path = GetAllUsersResponseModel.swift; sourceTree = "<group>"; };
		59A39CDC29A62DCF0087E6B1 /* GetAllUsersApi.swift */ = {isa = PBXFileReference; lastKnownFileType = sourcecode.swift; path = GetAllUsersApi.swift; sourceTree = "<group>"; };
		59A39CE729A6415D0087E6B1 /* AddProfileDataResponseModel.swift */ = {isa = PBXFileReference; fileEncoding = 4; lastKnownFileType = sourcecode.swift; path = AddProfileDataResponseModel.swift; sourceTree = "<group>"; };
		59A39CEA29A6415D0087E6B1 /* AddProfileDataApi.swift */ = {isa = PBXFileReference; fileEncoding = 4; lastKnownFileType = sourcecode.swift; path = AddProfileDataApi.swift; sourceTree = "<group>"; };
		59ACA1FD29A5F1BF00EC229A /* AppData.swift */ = {isa = PBXFileReference; fileEncoding = 4; lastKnownFileType = sourcecode.swift; path = AppData.swift; sourceTree = "<group>"; };
		59ACA20129A5F20900EC229A /* NetworkConfigs.swift */ = {isa = PBXFileReference; fileEncoding = 4; lastKnownFileType = sourcecode.swift; path = NetworkConfigs.swift; sourceTree = "<group>"; };
		59ACA20629A5F24D00EC229A /* RegisterResponseModel.swift */ = {isa = PBXFileReference; fileEncoding = 4; lastKnownFileType = sourcecode.swift; path = RegisterResponseModel.swift; sourceTree = "<group>"; };
		59ACA20829A5F24D00EC229A /* RegisterApi.swift */ = {isa = PBXFileReference; fileEncoding = 4; lastKnownFileType = sourcecode.swift; path = RegisterApi.swift; sourceTree = "<group>"; };
		59ACA20C29A5F5FC00EC229A /* Toast.swift */ = {isa = PBXFileReference; fileEncoding = 4; lastKnownFileType = sourcecode.swift; path = Toast.swift; sourceTree = "<group>"; };
		59ACA21429A5F8A600EC229A /* Constants.swift */ = {isa = PBXFileReference; fileEncoding = 4; lastKnownFileType = sourcecode.swift; path = Constants.swift; sourceTree = "<group>"; };
		59E65EA429A7374C005AC052 /* LogoutScreen.swift */ = {isa = PBXFileReference; fileEncoding = 4; lastKnownFileType = sourcecode.swift; path = LogoutScreen.swift; sourceTree = "<group>"; };
		59E65EA929A73CD0005AC052 /* EditProfileResponseModel.swift */ = {isa = PBXFileReference; lastKnownFileType = sourcecode.swift; path = EditProfileResponseModel.swift; sourceTree = "<group>"; };
		59E65EAB29A73DC9005AC052 /* EditProfileApi.swift */ = {isa = PBXFileReference; lastKnownFileType = sourcecode.swift; path = EditProfileApi.swift; sourceTree = "<group>"; };
		59E65EB029A74FDD005AC052 /* GetUserDetailsResponseModel.swift */ = {isa = PBXFileReference; lastKnownFileType = sourcecode.swift; path = GetUserDetailsResponseModel.swift; sourceTree = "<group>"; };
		59E65EB229A75037005AC052 /* GetUserDetailsApi.swift */ = {isa = PBXFileReference; lastKnownFileType = sourcecode.swift; path = GetUserDetailsApi.swift; sourceTree = "<group>"; };
		59E65EB729A7773E005AC052 /* GetReviewsResponseModel.swift */ = {isa = PBXFileReference; lastKnownFileType = sourcecode.swift; path = GetReviewsResponseModel.swift; sourceTree = "<group>"; };
		59E65EB929A779CD005AC052 /* GetReviewsApi.swift */ = {isa = PBXFileReference; lastKnownFileType = sourcecode.swift; path = GetReviewsApi.swift; sourceTree = "<group>"; };
/* End PBXFileReference section */

/* Begin PBXFrameworksBuildPhase section */
		5943177629A389AC007A28EC /* Frameworks */ = {
			isa = PBXFrameworksBuildPhase;
			buildActionMask = 2147483647;
			files = (
				594317A329A38A8F007A28EC /* Shimmer in Frameworks */,
				59ACA21029A5F85000EC229A /* MultipartFormDataKit in Frameworks */,
				594317A029A38A5E007A28EC /* Kingfisher in Frameworks */,
				59ACA21329A5F86300EC229A /* MultipartForm in Frameworks */,
			);
			runOnlyForDeploymentPostprocessing = 0;
		};
/* End PBXFrameworksBuildPhase section */

/* Begin PBXGroup section */
		5924E6F129ACB1C2007E10B5 /* Send Reset Password Api */ = {
			isa = PBXGroup;
			children = (
				5924E6F329ACB1D8007E10B5 /* Api */,
				5924E6F229ACB1D3007E10B5 /* Model */,
			);
			path = "Send Reset Password Api";
			sourceTree = "<group>";
		};
		5924E6F229ACB1D3007E10B5 /* Model */ = {
			isa = PBXGroup;
			children = (
				5924E6F429ACB1FD007E10B5 /* SendResetPasswordOTPResponseModel.swift */,
			);
			path = Model;
			sourceTree = "<group>";
		};
		5924E6F329ACB1D8007E10B5 /* Api */ = {
			isa = PBXGroup;
			children = (
				5924E6F629ACB23A007E10B5 /* SendResetPasswordOTPApi.swift */,
			);
			path = Api;
			sourceTree = "<group>";
		};
		5924E6FA29ACBBDB007E10B5 /* Verify OTP Api */ = {
			isa = PBXGroup;
			children = (
				5924E6FC29ACBBF3007E10B5 /* Api */,
				5924E6FB29ACBBEF007E10B5 /* Model */,
			);
			path = "Verify OTP Api";
			sourceTree = "<group>";
		};
		5924E6FB29ACBBEF007E10B5 /* Model */ = {
			isa = PBXGroup;
			children = (
				5924E6FD29ACBC0E007E10B5 /* VerifyOTPResponseModel.swift */,
			);
			path = Model;
			sourceTree = "<group>";
		};
		5924E6FC29ACBBF3007E10B5 /* Api */ = {
			isa = PBXGroup;
			children = (
				5924E6FF29ACBD24007E10B5 /* VerifyOTPApi.swift */,
			);
			path = Api;
			sourceTree = "<group>";
		};
		5924E70129ACD108007E10B5 /* New Password Api */ = {
			isa = PBXGroup;
			children = (
				5924E70329ACD11E007E10B5 /* Api */,
				5924E70229ACD119007E10B5 /* Model */,
			);
			path = "New Password Api";
			sourceTree = "<group>";
		};
		5924E70229ACD119007E10B5 /* Model */ = {
			isa = PBXGroup;
			children = (
				5924E70429ACD267007E10B5 /* NewPasswordResponseModel.swift */,
			);
			path = Model;
			sourceTree = "<group>";
		};
		5924E70329ACD11E007E10B5 /* Api */ = {
			isa = PBXGroup;
			children = (
				5924E70629ACD288007E10B5 /* NewPasswordApi.swift */,
			);
			path = Api;
			sourceTree = "<group>";
		};
		593E57D429AF797100416EE1 /* Get reply on Rating Api */ = {
			isa = PBXGroup;
			children = (
				593E57D629AF798700416EE1 /* Api */,
				593E57D529AF798200416EE1 /* Model */,
			);
			path = "Get reply on Rating Api";
			sourceTree = "<group>";
		};
		593E57D529AF798200416EE1 /* Model */ = {
			isa = PBXGroup;
			children = (
				593E57D729AF79A300416EE1 /* GetReplyOnRatingResponseModel.swift */,
			);
			path = Model;
			sourceTree = "<group>";
		};
		593E57D629AF798700416EE1 /* Api */ = {
			isa = PBXGroup;
			children = (
				593E57D929AF7C8100416EE1 /* GetReplyOnReviewsApi.swift */,
			);
			path = Api;
			sourceTree = "<group>";
		};
		5943177029A389AC007A28EC = {
			isa = PBXGroup;
			children = (
				5943177B29A389AC007A28EC /* Review App */,
				5943177A29A389AC007A28EC /* Products */,
			);
			sourceTree = "<group>";
		};
		5943177A29A389AC007A28EC /* Products */ = {
			isa = PBXGroup;
			children = (
				5943177929A389AC007A28EC /* Review App.app */,
			);
			name = Products;
			sourceTree = "<group>";
		};
		5943177B29A389AC007A28EC /* Review App */ = {
			isa = PBXGroup;
			children = (
				59ACA1FF29A5F1DF00EC229A /* Network */,
				594317A429A38BA7007A28EC /* Screens */,
				5943178F29A389EA007A28EC /* Resources */,
				5943178A29A389DC007A28EC /* Fonts */,
				5943177C29A389AC007A28EC /* Review_AppApp.swift */,
				5943177E29A389AC007A28EC /* ContentView.swift */,
				5943178029A389B3007A28EC /* Assets.xcassets */,
				5943178229A389B3007A28EC /* Preview Content */,
			);
			path = "Review App";
			sourceTree = "<group>";
		};
		5943178229A389B3007A28EC /* Preview Content */ = {
			isa = PBXGroup;
			children = (
				5943178329A389B3007A28EC /* Preview Assets.xcassets */,
			);
			path = "Preview Content";
			sourceTree = "<group>";
		};
		5943178A29A389DC007A28EC /* Fonts */ = {
			isa = PBXGroup;
			children = (
				5943178B29A389DC007A28EC /* cera_pro_regular.otf */,
				5943178C29A389DC007A28EC /* AppFonts.swift */,
			);
			path = Fonts;
			sourceTree = "<group>";
		};
		5943178F29A389EA007A28EC /* Resources */ = {
			isa = PBXGroup;
			children = (
				59ACA21429A5F8A600EC229A /* Constants.swift */,
				59ACA20C29A5F5FC00EC229A /* Toast.swift */,
				59ACA1FD29A5F1BF00EC229A /* AppData.swift */,
				5943179029A389EA007A28EC /* AppColors.swift */,
				5943179129A389EA007A28EC /* AppImages.swift */,
				5943179229A389EA007A28EC /* ImagePicker.swift */,
				5943179329A389EA007A28EC /* Shimmer.swift */,
				5943179429A389EA007A28EC /* SeekBar.swift */,
				5943179529A389EA007A28EC /* PinkButton.swift */,
				5943179629A389EA007A28EC /* ImageViewer.swift */,
			);
			path = Resources;
			sourceTree = "<group>";
		};
		594317A429A38BA7007A28EC /* Screens */ = {
			isa = PBXGroup;
			children = (
				594317A529A38BEE007A28EC /* SignupScreen.swift */,
				594317A729A394BB007A28EC /* LoginScreen.swift */,
				594317A929A39628007A28EC /* LoginSwicher.swift */,
				594317AB29A398C9007A28EC /* ForgotPasswordScreen.swift */,
				5943C21A29A3A24B00586DE0 /* VerifyOTPScreen.swift */,
				597BE87E29A49B5400E014ED /* CreateProfileScreen.swift */,
				597BE88029A4C69000E014ED /* EditProfileScreen.swift */,
				597BE88229A4CE1600E014ED /* MyProfileScreen.swift */,
				597BE88429A4D9B200E014ED /* MainTabContainer.swift */,
				597BE88629A4DBBE00E014ED /* HomeScreen.swift */,
				59109B3229A4E58C007D328A /* UserProfileScreen.swift */,
				59E65EA429A7374C005AC052 /* LogoutScreen.swift */,
				5924E6F829ACB490007E10B5 /* ForgotPasswordEmailScreen.swift */,
			);
			path = Screens;
			sourceTree = "<group>";
		};
		59849E3C29A6162C0047373D /* Login Api */ = {
			isa = PBXGroup;
			children = (
				59849E3D29A6162C0047373D /* Models */,
				59849E3F29A6162C0047373D /* Api */,
			);
			path = "Login Api";
			sourceTree = "<group>";
		};
		59849E3D29A6162C0047373D /* Models */ = {
			isa = PBXGroup;
			children = (
				59849E3E29A6162C0047373D /* LoginResponseModel.swift */,
			);
			path = Models;
			sourceTree = "<group>";
		};
		59849E3F29A6162C0047373D /* Api */ = {
			isa = PBXGroup;
			children = (
				59849E4029A6162C0047373D /* LoginApi.swift */,
			);
			path = Api;
			sourceTree = "<group>";
		};
		59A39CD029A6202E0087E6B1 /* Get Profile Api */ = {
			isa = PBXGroup;
			children = (
				59A39CD129A6202E0087E6B1 /* Model */,
				59A39CD329A6202E0087E6B1 /* Api */,
			);
			path = "Get Profile Api";
			sourceTree = "<group>";
		};
		59A39CD129A6202E0087E6B1 /* Model */ = {
			isa = PBXGroup;
			children = (
				59A39CD229A6202E0087E6B1 /* getProfileResponseModel.swift */,
			);
			path = Model;
			sourceTree = "<group>";
		};
		59A39CD329A6202E0087E6B1 /* Api */ = {
			isa = PBXGroup;
			children = (
				59A39CD429A6202E0087E6B1 /* getProfileApi.swift */,
			);
			path = Api;
			sourceTree = "<group>";
		};
		59A39CD729A62CBC0087E6B1 /* Get All Users Api */ = {
			isa = PBXGroup;
			children = (
				59A39CD929A62CD20087E6B1 /* Api */,
				59A39CD829A62CCD0087E6B1 /* Model */,
			);
			path = "Get All Users Api";
			sourceTree = "<group>";
		};
		59A39CD829A62CCD0087E6B1 /* Model */ = {
			isa = PBXGroup;
			children = (
				59A39CDA29A62CEB0087E6B1 /* GetAllUsersResponseModel.swift */,
			);
			path = Model;
			sourceTree = "<group>";
		};
		59A39CD929A62CD20087E6B1 /* Api */ = {
			isa = PBXGroup;
			children = (
				59A39CDC29A62DCF0087E6B1 /* GetAllUsersApi.swift */,
			);
			path = Api;
			sourceTree = "<group>";
		};
		59A39CE529A6415D0087E6B1 /* Add Profile Data Api */ = {
			isa = PBXGroup;
			children = (
				59A39CE629A6415D0087E6B1 /* Models */,
				59A39CE929A6415D0087E6B1 /* Api */,
			);
			path = "Add Profile Data Api";
			sourceTree = "<group>";
		};
		59A39CE629A6415D0087E6B1 /* Models */ = {
			isa = PBXGroup;
			children = (
				59A39CE729A6415D0087E6B1 /* AddProfileDataResponseModel.swift */,
			);
			path = Models;
			sourceTree = "<group>";
		};
		59A39CE929A6415D0087E6B1 /* Api */ = {
			isa = PBXGroup;
			children = (
				59A39CEA29A6415D0087E6B1 /* AddProfileDataApi.swift */,
			);
			path = Api;
			sourceTree = "<group>";
		};
		59ACA1FF29A5F1DF00EC229A /* Network */ = {
			isa = PBXGroup;
			children = (
				593E57D429AF797100416EE1 /* Get reply on Rating Api */,
				5924E70129ACD108007E10B5 /* New Password Api */,
				5924E6FA29ACBBDB007E10B5 /* Verify OTP Api */,
				5924E6F129ACB1C2007E10B5 /* Send Reset Password Api */,
				59E65EB429A776DB005AC052 /* Get Reviews Api */,
				59E65EAD29A74FB1005AC052 /* Get User Detail Api */,
				59E65EA629A73CA3005AC052 /* Edit Profile Api */,
				59A39CE529A6415D0087E6B1 /* Add Profile Data Api */,
				59A39CD729A62CBC0087E6B1 /* Get All Users Api */,
				59A39CD029A6202E0087E6B1 /* Get Profile Api */,
				59849E3C29A6162C0047373D /* Login Api */,
				59ACA20329A5F24D00EC229A /* Register Api */,
				59ACA20029A5F1E800EC229A /* Configs */,
			);
			path = Network;
			sourceTree = "<group>";
		};
		59ACA20029A5F1E800EC229A /* Configs */ = {
			isa = PBXGroup;
			children = (
				59ACA20129A5F20900EC229A /* NetworkConfigs.swift */,
			);
			path = Configs;
			sourceTree = "<group>";
		};
		59ACA20329A5F24D00EC229A /* Register Api */ = {
			isa = PBXGroup;
			children = (
				59ACA20429A5F24D00EC229A /* Models */,
				59ACA20729A5F24D00EC229A /* Api */,
			);
			path = "Register Api";
			sourceTree = "<group>";
		};
		59ACA20429A5F24D00EC229A /* Models */ = {
			isa = PBXGroup;
			children = (
				59ACA20629A5F24D00EC229A /* RegisterResponseModel.swift */,
			);
			path = Models;
			sourceTree = "<group>";
		};
		59ACA20729A5F24D00EC229A /* Api */ = {
			isa = PBXGroup;
			children = (
				59ACA20829A5F24D00EC229A /* RegisterApi.swift */,
			);
			path = Api;
			sourceTree = "<group>";
		};
		59E65EA629A73CA3005AC052 /* Edit Profile Api */ = {
			isa = PBXGroup;
			children = (
				59E65EA829A73CB3005AC052 /* Api */,
				59E65EA729A73CAD005AC052 /* Model */,
			);
			path = "Edit Profile Api";
			sourceTree = "<group>";
		};
		59E65EA729A73CAD005AC052 /* Model */ = {
			isa = PBXGroup;
			children = (
				59E65EA929A73CD0005AC052 /* EditProfileResponseModel.swift */,
			);
			path = Model;
			sourceTree = "<group>";
		};
		59E65EA829A73CB3005AC052 /* Api */ = {
			isa = PBXGroup;
			children = (
				59E65EAB29A73DC9005AC052 /* EditProfileApi.swift */,
			);
			path = Api;
			sourceTree = "<group>";
		};
		59E65EAD29A74FB1005AC052 /* Get User Detail Api */ = {
			isa = PBXGroup;
			children = (
				59E65EAF29A74FC4005AC052 /* Api */,
				59E65EAE29A74FBF005AC052 /* Model */,
			);
			path = "Get User Detail Api";
			sourceTree = "<group>";
		};
		59E65EAE29A74FBF005AC052 /* Model */ = {
			isa = PBXGroup;
			children = (
				59E65EB029A74FDD005AC052 /* GetUserDetailsResponseModel.swift */,
			);
			path = Model;
			sourceTree = "<group>";
		};
		59E65EAF29A74FC4005AC052 /* Api */ = {
			isa = PBXGroup;
			children = (
				59E65EB229A75037005AC052 /* GetUserDetailsApi.swift */,
			);
			path = Api;
			sourceTree = "<group>";
		};
		59E65EB429A776DB005AC052 /* Get Reviews Api */ = {
			isa = PBXGroup;
			children = (
				59E65EB629A77722005AC052 /* Api */,
				59E65EB529A7771D005AC052 /* Model */,
			);
			path = "Get Reviews Api";
			sourceTree = "<group>";
		};
		59E65EB529A7771D005AC052 /* Model */ = {
			isa = PBXGroup;
			children = (
				59E65EB729A7773E005AC052 /* GetReviewsResponseModel.swift */,
			);
			path = Model;
			sourceTree = "<group>";
		};
		59E65EB629A77722005AC052 /* Api */ = {
			isa = PBXGroup;
			children = (
				59E65EB929A779CD005AC052 /* GetReviewsApi.swift */,
			);
			path = Api;
			sourceTree = "<group>";
		};
/* End PBXGroup section */

/* Begin PBXNativeTarget section */
		5943177829A389AC007A28EC /* Review App */ = {
			isa = PBXNativeTarget;
			buildConfigurationList = 5943178729A389B3007A28EC /* Build configuration list for PBXNativeTarget "Review App" */;
			buildPhases = (
				5943177529A389AC007A28EC /* Sources */,
				5943177629A389AC007A28EC /* Frameworks */,
				5943177729A389AC007A28EC /* Resources */,
			);
			buildRules = (
			);
			dependencies = (
			);
			name = "Review App";
			packageProductDependencies = (
				5943179F29A38A5E007A28EC /* Kingfisher */,
				594317A229A38A8F007A28EC /* Shimmer */,
				59ACA20F29A5F85000EC229A /* MultipartFormDataKit */,
				59ACA21229A5F86300EC229A /* MultipartForm */,
			);
			productName = "Review App";
			productReference = 5943177929A389AC007A28EC /* Review App.app */;
			productType = "com.apple.product-type.application";
		};
/* End PBXNativeTarget section */

/* Begin PBXProject section */
		5943177129A389AC007A28EC /* Project object */ = {
			isa = PBXProject;
			attributes = {
				BuildIndependentTargetsInParallel = 1;
				LastSwiftUpdateCheck = 1420;
				LastUpgradeCheck = 1420;
				TargetAttributes = {
					5943177829A389AC007A28EC = {
						CreatedOnToolsVersion = 14.2;
					};
				};
			};
			buildConfigurationList = 5943177429A389AC007A28EC /* Build configuration list for PBXProject "Review App" */;
			compatibilityVersion = "Xcode 14.0";
			developmentRegion = en;
			hasScannedForEncodings = 0;
			knownRegions = (
				en,
				Base,
			);
			mainGroup = 5943177029A389AC007A28EC;
			packageReferences = (
				5943179E29A38A5E007A28EC /* XCRemoteSwiftPackageReference "Kingfisher" */,
				594317A129A38A8F007A28EC /* XCRemoteSwiftPackageReference "SwiftUI-Shimmer" */,
				59ACA20E29A5F85000EC229A /* XCRemoteSwiftPackageReference "MultipartFormDataKit" */,
				59ACA21129A5F86300EC229A /* XCRemoteSwiftPackageReference "MultipartForm" */,
			);
			productRefGroup = 5943177A29A389AC007A28EC /* Products */;
			projectDirPath = "";
			projectRoot = "";
			targets = (
				5943177829A389AC007A28EC /* Review App */,
			);
		};
/* End PBXProject section */

/* Begin PBXResourcesBuildPhase section */
		5943177729A389AC007A28EC /* Resources */ = {
			isa = PBXResourcesBuildPhase;
			buildActionMask = 2147483647;
			files = (
				5943178429A389B3007A28EC /* Preview Assets.xcassets in Resources */,
				5943178D29A389DC007A28EC /* cera_pro_regular.otf in Resources */,
				5943178129A389B3007A28EC /* Assets.xcassets in Resources */,
			);
			runOnlyForDeploymentPostprocessing = 0;
		};
/* End PBXResourcesBuildPhase section */

/* Begin PBXSourcesBuildPhase section */
		5943177529A389AC007A28EC /* Sources */ = {
			isa = PBXSourcesBuildPhase;
			buildActionMask = 2147483647;
			files = (
				5924E6F929ACB490007E10B5 /* ForgotPasswordEmailScreen.swift in Sources */,
				59109B3329A4E58C007D328A /* UserProfileScreen.swift in Sources */,
				59849E4229A6162C0047373D /* LoginApi.swift in Sources */,
				5924E6F529ACB1FD007E10B5 /* SendResetPasswordOTPResponseModel.swift in Sources */,
				59ACA20229A5F20900EC229A /* NetworkConfigs.swift in Sources */,
				5924E70729ACD288007E10B5 /* NewPasswordApi.swift in Sources */,
				59A39CED29A6415D0087E6B1 /* AddProfileDataApi.swift in Sources */,
				5924E70529ACD267007E10B5 /* NewPasswordResponseModel.swift in Sources */,
				5943178E29A389DC007A28EC /* AppFonts.swift in Sources */,
				59A39CDB29A62CEB0087E6B1 /* GetAllUsersResponseModel.swift in Sources */,
				594317AC29A398C9007A28EC /* ForgotPasswordScreen.swift in Sources */,
				59E65EBA29A779CD005AC052 /* GetReviewsApi.swift in Sources */,
				59A39CEB29A6415D0087E6B1 /* AddProfileDataResponseModel.swift in Sources */,
				5943179729A389EB007A28EC /* AppColors.swift in Sources */,
				59ACA20B29A5F24E00EC229A /* RegisterApi.swift in Sources */,
				5924E70029ACBD24007E10B5 /* VerifyOTPApi.swift in Sources */,
				594317A629A38BEE007A28EC /* SignupScreen.swift in Sources */,
				59A39CD629A6202E0087E6B1 /* getProfileApi.swift in Sources */,
				597BE88529A4D9B200E014ED /* MainTabContainer.swift in Sources */,
				59849E4129A6162C0047373D /* LoginResponseModel.swift in Sources */,
				593E57DA29AF7C8100416EE1 /* GetReplyOnReviewsApi.swift in Sources */,
				5943177F29A389AC007A28EC /* ContentView.swift in Sources */,
				5924E6F729ACB23A007E10B5 /* SendResetPasswordOTPApi.swift in Sources */,
				59E65EAA29A73CD0005AC052 /* EditProfileResponseModel.swift in Sources */,
				597BE88129A4C69000E014ED /* EditProfileScreen.swift in Sources */,
				5943179D29A389EB007A28EC /* ImageViewer.swift in Sources */,
				59ACA20A29A5F24E00EC229A /* RegisterResponseModel.swift in Sources */,
				594317AA29A39628007A28EC /* LoginSwicher.swift in Sources */,
				59ACA20D29A5F5FC00EC229A /* Toast.swift in Sources */,
				594317A829A394BB007A28EC /* LoginScreen.swift in Sources */,
				597BE88329A4CE1600E014ED /* MyProfileScreen.swift in Sources */,
				5943179A29A389EB007A28EC /* Shimmer.swift in Sources */,
				597BE87F29A49B5400E014ED /* CreateProfileScreen.swift in Sources */,
				5943179929A389EB007A28EC /* ImagePicker.swift in Sources */,
				59ACA1FE29A5F1BF00EC229A /* AppData.swift in Sources */,
				5943179C29A389EB007A28EC /* PinkButton.swift in Sources */,
				59E65EB829A7773E005AC052 /* GetReviewsResponseModel.swift in Sources */,
				5943179B29A389EB007A28EC /* SeekBar.swift in Sources */,
				597BE88729A4DBBF00E014ED /* HomeScreen.swift in Sources */,
				5943179829A389EB007A28EC /* AppImages.swift in Sources */,
				5943177D29A389AC007A28EC /* Review_AppApp.swift in Sources */,
				593E57D829AF79A300416EE1 /* GetReplyOnRatingResponseModel.swift in Sources */,
				59E65EA529A7374D005AC052 /* LogoutScreen.swift in Sources */,
				59E65EB329A75037005AC052 /* GetUserDetailsApi.swift in Sources */,
				5924E6FE29ACBC0E007E10B5 /* VerifyOTPResponseModel.swift in Sources */,
				5943C21B29A3A24B00586DE0 /* VerifyOTPScreen.swift in Sources */,
				59A39CDD29A62DCF0087E6B1 /* GetAllUsersApi.swift in Sources */,
				59ACA21529A5F8A600EC229A /* Constants.swift in Sources */,
				59E65EAC29A73DC9005AC052 /* EditProfileApi.swift in Sources */,
				59E65EB129A74FDD005AC052 /* GetUserDetailsResponseModel.swift in Sources */,
				59A39CD529A6202E0087E6B1 /* getProfileResponseModel.swift in Sources */,
			);
			runOnlyForDeploymentPostprocessing = 0;
		};
/* End PBXSourcesBuildPhase section */

/* Begin XCBuildConfiguration section */
		5943178529A389B3007A28EC /* Debug */ = {
			isa = XCBuildConfiguration;
			buildSettings = {
				ALWAYS_SEARCH_USER_PATHS = NO;
				CLANG_ANALYZER_NONNULL = YES;
				CLANG_ANALYZER_NUMBER_OBJECT_CONVERSION = YES_AGGRESSIVE;
				CLANG_CXX_LANGUAGE_STANDARD = "gnu++20";
				CLANG_ENABLE_MODULES = YES;
				CLANG_ENABLE_OBJC_ARC = YES;
				CLANG_ENABLE_OBJC_WEAK = YES;
				CLANG_WARN_BLOCK_CAPTURE_AUTORELEASING = YES;
				CLANG_WARN_BOOL_CONVERSION = YES;
				CLANG_WARN_COMMA = YES;
				CLANG_WARN_CONSTANT_CONVERSION = YES;
				CLANG_WARN_DEPRECATED_OBJC_IMPLEMENTATIONS = YES;
				CLANG_WARN_DIRECT_OBJC_ISA_USAGE = YES_ERROR;
				CLANG_WARN_DOCUMENTATION_COMMENTS = YES;
				CLANG_WARN_EMPTY_BODY = YES;
				CLANG_WARN_ENUM_CONVERSION = YES;
				CLANG_WARN_INFINITE_RECURSION = YES;
				CLANG_WARN_INT_CONVERSION = YES;
				CLANG_WARN_NON_LITERAL_NULL_CONVERSION = YES;
				CLANG_WARN_OBJC_IMPLICIT_RETAIN_SELF = YES;
				CLANG_WARN_OBJC_LITERAL_CONVERSION = YES;
				CLANG_WARN_OBJC_ROOT_CLASS = YES_ERROR;
				CLANG_WARN_QUOTED_INCLUDE_IN_FRAMEWORK_HEADER = YES;
				CLANG_WARN_RANGE_LOOP_ANALYSIS = YES;
				CLANG_WARN_STRICT_PROTOTYPES = YES;
				CLANG_WARN_SUSPICIOUS_MOVE = YES;
				CLANG_WARN_UNGUARDED_AVAILABILITY = YES_AGGRESSIVE;
				CLANG_WARN_UNREACHABLE_CODE = YES;
				CLANG_WARN__DUPLICATE_METHOD_MATCH = YES;
				COPY_PHASE_STRIP = NO;
				DEBUG_INFORMATION_FORMAT = dwarf;
				ENABLE_STRICT_OBJC_MSGSEND = YES;
				ENABLE_TESTABILITY = YES;
				GCC_C_LANGUAGE_STANDARD = gnu11;
				GCC_DYNAMIC_NO_PIC = NO;
				GCC_NO_COMMON_BLOCKS = YES;
				GCC_OPTIMIZATION_LEVEL = 0;
				GCC_PREPROCESSOR_DEFINITIONS = (
					"DEBUG=1",
					"$(inherited)",
				);
				GCC_WARN_64_TO_32_BIT_CONVERSION = YES;
				GCC_WARN_ABOUT_RETURN_TYPE = YES_ERROR;
				GCC_WARN_UNDECLARED_SELECTOR = YES;
				GCC_WARN_UNINITIALIZED_AUTOS = YES_AGGRESSIVE;
				GCC_WARN_UNUSED_FUNCTION = YES;
				GCC_WARN_UNUSED_VARIABLE = YES;
				IPHONEOS_DEPLOYMENT_TARGET = 15.0;
				MTL_ENABLE_DEBUG_INFO = INCLUDE_SOURCE;
				MTL_FAST_MATH = YES;
				ONLY_ACTIVE_ARCH = YES;
				SDKROOT = iphoneos;
				SWIFT_ACTIVE_COMPILATION_CONDITIONS = DEBUG;
				SWIFT_OPTIMIZATION_LEVEL = "-Onone";
			};
			name = Debug;
		};
		5943178629A389B3007A28EC /* Release */ = {
			isa = XCBuildConfiguration;
			buildSettings = {
				ALWAYS_SEARCH_USER_PATHS = NO;
				CLANG_ANALYZER_NONNULL = YES;
				CLANG_ANALYZER_NUMBER_OBJECT_CONVERSION = YES_AGGRESSIVE;
				CLANG_CXX_LANGUAGE_STANDARD = "gnu++20";
				CLANG_ENABLE_MODULES = YES;
				CLANG_ENABLE_OBJC_ARC = YES;
				CLANG_ENABLE_OBJC_WEAK = YES;
				CLANG_WARN_BLOCK_CAPTURE_AUTORELEASING = YES;
				CLANG_WARN_BOOL_CONVERSION = YES;
				CLANG_WARN_COMMA = YES;
				CLANG_WARN_CONSTANT_CONVERSION = YES;
				CLANG_WARN_DEPRECATED_OBJC_IMPLEMENTATIONS = YES;
				CLANG_WARN_DIRECT_OBJC_ISA_USAGE = YES_ERROR;
				CLANG_WARN_DOCUMENTATION_COMMENTS = YES;
				CLANG_WARN_EMPTY_BODY = YES;
				CLANG_WARN_ENUM_CONVERSION = YES;
				CLANG_WARN_INFINITE_RECURSION = YES;
				CLANG_WARN_INT_CONVERSION = YES;
				CLANG_WARN_NON_LITERAL_NULL_CONVERSION = YES;
				CLANG_WARN_OBJC_IMPLICIT_RETAIN_SELF = YES;
				CLANG_WARN_OBJC_LITERAL_CONVERSION = YES;
				CLANG_WARN_OBJC_ROOT_CLASS = YES_ERROR;
				CLANG_WARN_QUOTED_INCLUDE_IN_FRAMEWORK_HEADER = YES;
				CLANG_WARN_RANGE_LOOP_ANALYSIS = YES;
				CLANG_WARN_STRICT_PROTOTYPES = YES;
				CLANG_WARN_SUSPICIOUS_MOVE = YES;
				CLANG_WARN_UNGUARDED_AVAILABILITY = YES_AGGRESSIVE;
				CLANG_WARN_UNREACHABLE_CODE = YES;
				CLANG_WARN__DUPLICATE_METHOD_MATCH = YES;
				COPY_PHASE_STRIP = NO;
				DEBUG_INFORMATION_FORMAT = "dwarf-with-dsym";
				ENABLE_NS_ASSERTIONS = NO;
				ENABLE_STRICT_OBJC_MSGSEND = YES;
				GCC_C_LANGUAGE_STANDARD = gnu11;
				GCC_NO_COMMON_BLOCKS = YES;
				GCC_WARN_64_TO_32_BIT_CONVERSION = YES;
				GCC_WARN_ABOUT_RETURN_TYPE = YES_ERROR;
				GCC_WARN_UNDECLARED_SELECTOR = YES;
				GCC_WARN_UNINITIALIZED_AUTOS = YES_AGGRESSIVE;
				GCC_WARN_UNUSED_FUNCTION = YES;
				GCC_WARN_UNUSED_VARIABLE = YES;
				IPHONEOS_DEPLOYMENT_TARGET = 15.0;
				MTL_ENABLE_DEBUG_INFO = NO;
				MTL_FAST_MATH = YES;
				SDKROOT = iphoneos;
				SWIFT_COMPILATION_MODE = wholemodule;
				SWIFT_OPTIMIZATION_LEVEL = "-O";
				VALIDATE_PRODUCT = YES;
			};
			name = Release;
		};
		5943178829A389B3007A28EC /* Debug */ = {
			isa = XCBuildConfiguration;
			buildSettings = {
				ASSETCATALOG_COMPILER_APPICON_NAME = AppIcon;
				ASSETCATALOG_COMPILER_GLOBAL_ACCENT_COLOR_NAME = AccentColor;
				CODE_SIGN_STYLE = Automatic;
				CURRENT_PROJECT_VERSION = 1;
				DEVELOPMENT_ASSET_PATHS = "\"Review App/Preview Content\"";
				ENABLE_PREVIEWS = YES;
				GENERATE_INFOPLIST_FILE = YES;
				INFOPLIST_KEY_UIApplicationSceneManifest_Generation = YES;
				INFOPLIST_KEY_UIApplicationSupportsIndirectInputEvents = YES;
				INFOPLIST_KEY_UILaunchScreen_Generation = YES;
				INFOPLIST_KEY_UISupportedInterfaceOrientations_iPad = "UIInterfaceOrientationPortrait UIInterfaceOrientationPortraitUpsideDown UIInterfaceOrientationLandscapeLeft UIInterfaceOrientationLandscapeRight";
				INFOPLIST_KEY_UISupportedInterfaceOrientations_iPhone = "UIInterfaceOrientationPortrait UIInterfaceOrientationLandscapeLeft UIInterfaceOrientationLandscapeRight";
				LD_RUNPATH_SEARCH_PATHS = (
					"$(inherited)",
					"@executable_path/Frameworks",
				);
				MARKETING_VERSION = 1.0;
				PRODUCT_BUNDLE_IDENTIFIER = "com.strangerchatapp.codecue.Review-App";
				PRODUCT_NAME = "$(TARGET_NAME)";
				SUPPORTED_PLATFORMS = "iphoneos iphonesimulator";
				SUPPORTS_MACCATALYST = NO;
				SUPPORTS_MAC_DESIGNED_FOR_IPHONE_IPAD = NO;
				SWIFT_EMIT_LOC_STRINGS = YES;
				SWIFT_VERSION = 5.0;
				TARGETED_DEVICE_FAMILY = "1,2";
			};
			name = Debug;
		};
		5943178929A389B3007A28EC /* Release */ = {
			isa = XCBuildConfiguration;
			buildSettings = {
				ASSETCATALOG_COMPILER_APPICON_NAME = AppIcon;
				ASSETCATALOG_COMPILER_GLOBAL_ACCENT_COLOR_NAME = AccentColor;
				CODE_SIGN_STYLE = Automatic;
				CURRENT_PROJECT_VERSION = 1;
				DEVELOPMENT_ASSET_PATHS = "\"Review App/Preview Content\"";
				ENABLE_PREVIEWS = YES;
				GENERATE_INFOPLIST_FILE = YES;
				INFOPLIST_KEY_UIApplicationSceneManifest_Generation = YES;
				INFOPLIST_KEY_UIApplicationSupportsIndirectInputEvents = YES;
				INFOPLIST_KEY_UILaunchScreen_Generation = YES;
				INFOPLIST_KEY_UISupportedInterfaceOrientations_iPad = "UIInterfaceOrientationPortrait UIInterfaceOrientationPortraitUpsideDown UIInterfaceOrientationLandscapeLeft UIInterfaceOrientationLandscapeRight";
				INFOPLIST_KEY_UISupportedInterfaceOrientations_iPhone = "UIInterfaceOrientationPortrait UIInterfaceOrientationLandscapeLeft UIInterfaceOrientationLandscapeRight";
				LD_RUNPATH_SEARCH_PATHS = (
					"$(inherited)",
					"@executable_path/Frameworks",
				);
				MARKETING_VERSION = 1.0;
				PRODUCT_BUNDLE_IDENTIFIER = "com.strangerchatapp.codecue.Review-App";
				PRODUCT_NAME = "$(TARGET_NAME)";
				SUPPORTED_PLATFORMS = "iphoneos iphonesimulator";
				SUPPORTS_MACCATALYST = NO;
				SUPPORTS_MAC_DESIGNED_FOR_IPHONE_IPAD = NO;
				SWIFT_EMIT_LOC_STRINGS = YES;
				SWIFT_VERSION = 5.0;
				TARGETED_DEVICE_FAMILY = "1,2";
			};
			name = Release;
		};
/* End XCBuildConfiguration section */

/* Begin XCConfigurationList section */
		5943177429A389AC007A28EC /* Build configuration list for PBXProject "Review App" */ = {
			isa = XCConfigurationList;
			buildConfigurations = (
				5943178529A389B3007A28EC /* Debug */,
				5943178629A389B3007A28EC /* Release */,
			);
			defaultConfigurationIsVisible = 0;
			defaultConfigurationName = Release;
		};
		5943178729A389B3007A28EC /* Build configuration list for PBXNativeTarget "Review App" */ = {
			isa = XCConfigurationList;
			buildConfigurations = (
				5943178829A389B3007A28EC /* Debug */,
				5943178929A389B3007A28EC /* Release */,
			);
			defaultConfigurationIsVisible = 0;
			defaultConfigurationName = Release;
		};
/* End XCConfigurationList section */

/* Begin XCRemoteSwiftPackageReference section */
		5943179E29A38A5E007A28EC /* XCRemoteSwiftPackageReference "Kingfisher" */ = {
			isa = XCRemoteSwiftPackageReference;
			repositoryURL = "https://github.com/onevcat/Kingfisher.git";
			requirement = {
				branch = master;
				kind = branch;
			};
		};
		594317A129A38A8F007A28EC /* XCRemoteSwiftPackageReference "SwiftUI-Shimmer" */ = {
			isa = XCRemoteSwiftPackageReference;
			repositoryURL = "https://github.com/markiv/SwiftUI-Shimmer.git";
			requirement = {
				branch = main;
				kind = branch;
			};
		};
		59ACA20E29A5F85000EC229A /* XCRemoteSwiftPackageReference "MultipartFormDataKit" */ = {
			isa = XCRemoteSwiftPackageReference;
			repositoryURL = "https://github.com/Kuniwak/MultipartFormDataKit.git";
			requirement = {
				kind = upToNextMajorVersion;
				minimumVersion = 1.0.0;
			};
		};
		59ACA21129A5F86300EC229A /* XCRemoteSwiftPackageReference "MultipartForm" */ = {
			isa = XCRemoteSwiftPackageReference;
			repositoryURL = "https://github.com/davbeck/MultipartForm.git";
			requirement = {
				branch = master;
				kind = branch;
			};
		};
/* End XCRemoteSwiftPackageReference section */

/* Begin XCSwiftPackageProductDependency section */
		5943179F29A38A5E007A28EC /* Kingfisher */ = {
			isa = XCSwiftPackageProductDependency;
			package = 5943179E29A38A5E007A28EC /* XCRemoteSwiftPackageReference "Kingfisher" */;
			productName = Kingfisher;
		};
		594317A229A38A8F007A28EC /* Shimmer */ = {
			isa = XCSwiftPackageProductDependency;
			package = 594317A129A38A8F007A28EC /* XCRemoteSwiftPackageReference "SwiftUI-Shimmer" */;
			productName = Shimmer;
		};
		59ACA20F29A5F85000EC229A /* MultipartFormDataKit */ = {
			isa = XCSwiftPackageProductDependency;
			package = 59ACA20E29A5F85000EC229A /* XCRemoteSwiftPackageReference "MultipartFormDataKit" */;
			productName = MultipartFormDataKit;
		};
		59ACA21229A5F86300EC229A /* MultipartForm */ = {
			isa = XCSwiftPackageProductDependency;
			package = 59ACA21129A5F86300EC229A /* XCRemoteSwiftPackageReference "MultipartForm" */;
			productName = MultipartForm;
		};
/* End XCSwiftPackageProductDependency section */
	};
	rootObject = 5943177129A389AC007A28EC /* Project object */;
}
