// !$*UTF8*$!
{
	archiveVersion = 1;
	classes = {
	};
	objectVersion = 56;
	objects = {

/* Begin PBXBuildFile section */
		5943177D29A389AC007A28EC /* Review_AppApp.swift in Sources */ = {isa = PBXBuildFile; fileRef = 5943177C29A389AC007A28EC /* Review_AppApp.swift */; };
		5943177F29A389AC007A28EC /* ContentView.swift in Sources */ = {isa = PBXBuildFile; fileRef = 5943177E29A389AC007A28EC /* ContentView.swift */; };
		5943178129A389B3007A28EC /* Assets.xcassets in Resources */ = {isa = PBXBuildFile; fileRef = 5943178029A389B3007A28EC /* Assets.xcassets */; };
		5943178429A389B3007A28EC /* Preview Assets.xcassets in Resources */ = {isa = PBXBuildFile; fileRef = 5943178329A389B3007A28EC /* Preview Assets.xcassets */; };
		5943178D29A389DC007A28EC /* cera_pro_regular.otf in Resources */ = {isa = PBXBuildFile; fileRef = 5943178B29A389DC007A28EC /* cera_pro_regular.otf */; };
		5943178E29A389DC007A28EC /* AppFonts.swift in Sources */ = {isa = PBXBuildFile; fileRef = 5943178C29A389DC007A28EC /* AppFonts.swift */; };
		5943179729A389EB007A28EC /* AppColors.swift in Sources */ = {isa = PBXBuildFile; fileRef = 5943179029A389EA007A28EC /* AppColors.swift */; };
		5943179829A389EB007A28EC /* AppImages.swift in Sources */ = {isa = PBXBuildFile; fileRef = 5943179129A389EA007A28EC /* AppImages.swift */; };
		5943179929A389EB007A28EC /* ImagePicker.swift in Sources */ = {isa = PBXBuildFile; fileRef = 5943179229A389EA007A28EC /* ImagePicker.swift */; };
		5943179A29A389EB007A28EC /* Shimmer.swift in Sources */ = {isa = PBXBuildFile; fileRef = 5943179329A389EA007A28EC /* Shimmer.swift */; };
		5943179B29A389EB007A28EC /* SeekBar.swift in Sources */ = {isa = PBXBuildFile; fileRef = 5943179429A389EA007A28EC /* SeekBar.swift */; };
		5943179C29A389EB007A28EC /* PinkButton.swift in Sources */ = {isa = PBXBuildFile; fileRef = 5943179529A389EA007A28EC /* PinkButton.swift */; };
		5943179D29A389EB007A28EC /* ImageViewer.swift in Sources */ = {isa = PBXBuildFile; fileRef = 5943179629A389EA007A28EC /* ImageViewer.swift */; };
		594317A029A38A5E007A28EC /* Kingfisher in Frameworks */ = {isa = PBXBuildFile; productRef = 5943179F29A38A5E007A28EC /* Kingfisher */; };
		594317A329A38A8F007A28EC /* Shimmer in Frameworks */ = {isa = PBXBuildFile; productRef = 594317A229A38A8F007A28EC /* Shimmer */; };
		594317A629A38BEE007A28EC /* SignupScreen.swift in Sources */ = {isa = PBXBuildFile; fileRef = 594317A529A38BEE007A28EC /* SignupScreen.swift */; };
		594317A829A394BB007A28EC /* LoginScreen.swift in Sources */ = {isa = PBXBuildFile; fileRef = 594317A729A394BB007A28EC /* LoginScreen.swift */; };
		594317AA29A39628007A28EC /* LoginSwicher.swift in Sources */ = {isa = PBXBuildFile; fileRef = 594317A929A39628007A28EC /* LoginSwicher.swift */; };
		594317AC29A398C9007A28EC /* ForgotPasswordScreen.swift in Sources */ = {isa = PBXBuildFile; fileRef = 594317AB29A398C9007A28EC /* ForgotPasswordScreen.swift */; };
		5943C21B29A3A24B00586DE0 /* VerifyOTPScreen.swift in Sources */ = {isa = PBXBuildFile; fileRef = 5943C21A29A3A24B00586DE0 /* VerifyOTPScreen.swift */; };
		597BE87F29A49B5400E014ED /* CreateProfileScreen.swift in Sources */ = {isa = PBXBuildFile; fileRef = 597BE87E29A49B5400E014ED /* CreateProfileScreen.swift */; };
		597BE88129A4C69000E014ED /* EditProfileScreen.swift in Sources */ = {isa = PBXBuildFile; fileRef = 597BE88029A4C69000E014ED /* EditProfileScreen.swift */; };
/* End PBXBuildFile section */

/* Begin PBXFileReference section */
		5943177929A389AC007A28EC /* Review App.app */ = {isa = PBXFileReference; explicitFileType = wrapper.application; includeInIndex = 0; path = "Review App.app"; sourceTree = BUILT_PRODUCTS_DIR; };
		5943177C29A389AC007A28EC /* Review_AppApp.swift */ = {isa = PBXFileReference; lastKnownFileType = sourcecode.swift; path = Review_AppApp.swift; sourceTree = "<group>"; };
		5943177E29A389AC007A28EC /* ContentView.swift */ = {isa = PBXFileReference; lastKnownFileType = sourcecode.swift; path = ContentView.swift; sourceTree = "<group>"; };
		5943178029A389B3007A28EC /* Assets.xcassets */ = {isa = PBXFileReference; lastKnownFileType = folder.assetcatalog; path = Assets.xcassets; sourceTree = "<group>"; };
		5943178329A389B3007A28EC /* Preview Assets.xcassets */ = {isa = PBXFileReference; lastKnownFileType = folder.assetcatalog; path = "Preview Assets.xcassets"; sourceTree = "<group>"; };
		5943178B29A389DC007A28EC /* cera_pro_regular.otf */ = {isa = PBXFileReference; lastKnownFileType = file; path = cera_pro_regular.otf; sourceTree = "<group>"; };
		5943178C29A389DC007A28EC /* AppFonts.swift */ = {isa = PBXFileReference; fileEncoding = 4; lastKnownFileType = sourcecode.swift; path = AppFonts.swift; sourceTree = "<group>"; };
		5943179029A389EA007A28EC /* AppColors.swift */ = {isa = PBXFileReference; fileEncoding = 4; lastKnownFileType = sourcecode.swift; path = AppColors.swift; sourceTree = "<group>"; };
		5943179129A389EA007A28EC /* AppImages.swift */ = {isa = PBXFileReference; fileEncoding = 4; lastKnownFileType = sourcecode.swift; path = AppImages.swift; sourceTree = "<group>"; };
		5943179229A389EA007A28EC /* ImagePicker.swift */ = {isa = PBXFileReference; fileEncoding = 4; lastKnownFileType = sourcecode.swift; path = ImagePicker.swift; sourceTree = "<group>"; };
		5943179329A389EA007A28EC /* Shimmer.swift */ = {isa = PBXFileReference; fileEncoding = 4; lastKnownFileType = sourcecode.swift; path = Shimmer.swift; sourceTree = "<group>"; };
		5943179429A389EA007A28EC /* SeekBar.swift */ = {isa = PBXFileReference; fileEncoding = 4; lastKnownFileType = sourcecode.swift; path = SeekBar.swift; sourceTree = "<group>"; };
		5943179529A389EA007A28EC /* PinkButton.swift */ = {isa = PBXFileReference; fileEncoding = 4; lastKnownFileType = sourcecode.swift; path = PinkButton.swift; sourceTree = "<group>"; };
		5943179629A389EA007A28EC /* ImageViewer.swift */ = {isa = PBXFileReference; fileEncoding = 4; lastKnownFileType = sourcecode.swift; path = ImageViewer.swift; sourceTree = "<group>"; };
		594317A529A38BEE007A28EC /* SignupScreen.swift */ = {isa = PBXFileReference; lastKnownFileType = sourcecode.swift; path = SignupScreen.swift; sourceTree = "<group>"; };
		594317A729A394BB007A28EC /* LoginScreen.swift */ = {isa = PBXFileReference; lastKnownFileType = sourcecode.swift; path = LoginScreen.swift; sourceTree = "<group>"; };
		594317A929A39628007A28EC /* LoginSwicher.swift */ = {isa = PBXFileReference; lastKnownFileType = sourcecode.swift; path = LoginSwicher.swift; sourceTree = "<group>"; };
		594317AB29A398C9007A28EC /* ForgotPasswordScreen.swift */ = {isa = PBXFileReference; lastKnownFileType = sourcecode.swift; path = ForgotPasswordScreen.swift; sourceTree = "<group>"; };
		5943C21A29A3A24B00586DE0 /* VerifyOTPScreen.swift */ = {isa = PBXFileReference; lastKnownFileType = sourcecode.swift; path = VerifyOTPScreen.swift; sourceTree = "<group>"; };
		597BE87E29A49B5400E014ED /* CreateProfileScreen.swift */ = {isa = PBXFileReference; lastKnownFileType = sourcecode.swift; path = CreateProfileScreen.swift; sourceTree = "<group>"; };
		597BE88029A4C69000E014ED /* EditProfileScreen.swift */ = {isa = PBXFileReference; lastKnownFileType = sourcecode.swift; path = EditProfileScreen.swift; sourceTree = "<group>"; };
/* End PBXFileReference section */

/* Begin PBXFrameworksBuildPhase section */
		5943177629A389AC007A28EC /* Frameworks */ = {
			isa = PBXFrameworksBuildPhase;
			buildActionMask = 2147483647;
			files = (
				594317A329A38A8F007A28EC /* Shimmer in Frameworks */,
				594317A029A38A5E007A28EC /* Kingfisher in Frameworks */,
			);
			runOnlyForDeploymentPostprocessing = 0;
		};
/* End PBXFrameworksBuildPhase section */

/* Begin PBXGroup section */
		5943177029A389AC007A28EC = {
			isa = PBXGroup;
			children = (
				5943177B29A389AC007A28EC /* Review App */,
				5943177A29A389AC007A28EC /* Products */,
			);
			sourceTree = "<group>";
		};
		5943177A29A389AC007A28EC /* Products */ = {
			isa = PBXGroup;
			children = (
				5943177929A389AC007A28EC /* Review App.app */,
			);
			name = Products;
			sourceTree = "<group>";
		};
		5943177B29A389AC007A28EC /* Review App */ = {
			isa = PBXGroup;
			children = (
				594317A429A38BA7007A28EC /* Screens */,
				5943178F29A389EA007A28EC /* Resources */,
				5943178A29A389DC007A28EC /* Fonts */,
				5943177C29A389AC007A28EC /* Review_AppApp.swift */,
				5943177E29A389AC007A28EC /* ContentView.swift */,
				5943178029A389B3007A28EC /* Assets.xcassets */,
				5943178229A389B3007A28EC /* Preview Content */,
			);
			path = "Review App";
			sourceTree = "<group>";
		};
		5943178229A389B3007A28EC /* Preview Content */ = {
			isa = PBXGroup;
			children = (
				5943178329A389B3007A28EC /* Preview Assets.xcassets */,
			);
			path = "Preview Content";
			sourceTree = "<group>";
		};
		5943178A29A389DC007A28EC /* Fonts */ = {
			isa = PBXGroup;
			children = (
				5943178B29A389DC007A28EC /* cera_pro_regular.otf */,
				5943178C29A389DC007A28EC /* AppFonts.swift */,
			);
			path = Fonts;
			sourceTree = "<group>";
		};
		5943178F29A389EA007A28EC /* Resources */ = {
			isa = PBXGroup;
			children = (
				5943179029A389EA007A28EC /* AppColors.swift */,
				5943179129A389EA007A28EC /* AppImages.swift */,
				5943179229A389EA007A28EC /* ImagePicker.swift */,
				5943179329A389EA007A28EC /* Shimmer.swift */,
				5943179429A389EA007A28EC /* SeekBar.swift */,
				5943179529A389EA007A28EC /* PinkButton.swift */,
				5943179629A389EA007A28EC /* ImageViewer.swift */,
			);
			path = Resources;
			sourceTree = "<group>";
		};
		594317A429A38BA7007A28EC /* Screens */ = {
			isa = PBXGroup;
			children = (
				594317A529A38BEE007A28EC /* SignupScreen.swift */,
				594317A729A394BB007A28EC /* LoginScreen.swift */,
				594317A929A39628007A28EC /* LoginSwicher.swift */,
				594317AB29A398C9007A28EC /* ForgotPasswordScreen.swift */,
				5943C21A29A3A24B00586DE0 /* VerifyOTPScreen.swift */,
				597BE87E29A49B5400E014ED /* CreateProfileScreen.swift */,
				597BE88029A4C69000E014ED /* EditProfileScreen.swift */,
			);
			path = Screens;
			sourceTree = "<group>";
		};
/* End PBXGroup section */

/* Begin PBXNativeTarget section */
		5943177829A389AC007A28EC /* Review App */ = {
			isa = PBXNativeTarget;
			buildConfigurationList = 5943178729A389B3007A28EC /* Build configuration list for PBXNativeTarget "Review App" */;
			buildPhases = (
				5943177529A389AC007A28EC /* Sources */,
				5943177629A389AC007A28EC /* Frameworks */,
				5943177729A389AC007A28EC /* Resources */,
			);
			buildRules = (
			);
			dependencies = (
			);
			name = "Review App";
			packageProductDependencies = (
				5943179F29A38A5E007A28EC /* Kingfisher */,
				594317A229A38A8F007A28EC /* Shimmer */,
			);
			productName = "Review App";
			productReference = 5943177929A389AC007A28EC /* Review App.app */;
			productType = "com.apple.product-type.application";
		};
/* End PBXNativeTarget section */

/* Begin PBXProject section */
		5943177129A389AC007A28EC /* Project object */ = {
			isa = PBXProject;
			attributes = {
				BuildIndependentTargetsInParallel = 1;
				LastSwiftUpdateCheck = 1420;
				LastUpgradeCheck = 1420;
				TargetAttributes = {
					5943177829A389AC007A28EC = {
						CreatedOnToolsVersion = 14.2;
					};
				};
			};
			buildConfigurationList = 5943177429A389AC007A28EC /* Build configuration list for PBXProject "Review App" */;
			compatibilityVersion = "Xcode 14.0";
			developmentRegion = en;
			hasScannedForEncodings = 0;
			knownRegions = (
				en,
				Base,
			);
			mainGroup = 5943177029A389AC007A28EC;
			packageReferences = (
				5943179E29A38A5E007A28EC /* XCRemoteSwiftPackageReference "Kingfisher" */,
				594317A129A38A8F007A28EC /* XCRemoteSwiftPackageReference "SwiftUI-Shimmer" */,
			);
			productRefGroup = 5943177A29A389AC007A28EC /* Products */;
			projectDirPath = "";
			projectRoot = "";
			targets = (
				5943177829A389AC007A28EC /* Review App */,
			);
		};
/* End PBXProject section */

/* Begin PBXResourcesBuildPhase section */
		5943177729A389AC007A28EC /* Resources */ = {
			isa = PBXResourcesBuildPhase;
			buildActionMask = 2147483647;
			files = (
				5943178429A389B3007A28EC /* Preview Assets.xcassets in Resources */,
				5943178D29A389DC007A28EC /* cera_pro_regular.otf in Resources */,
				5943178129A389B3007A28EC /* Assets.xcassets in Resources */,
			);
			runOnlyForDeploymentPostprocessing = 0;
		};
/* End PBXResourcesBuildPhase section */

/* Begin PBXSourcesBuildPhase section */
		5943177529A389AC007A28EC /* Sources */ = {
			isa = PBXSourcesBuildPhase;
			buildActionMask = 2147483647;
			files = (
				5943178E29A389DC007A28EC /* AppFonts.swift in Sources */,
				594317AC29A398C9007A28EC /* ForgotPasswordScreen.swift in Sources */,
				5943179729A389EB007A28EC /* AppColors.swift in Sources */,
				594317A629A38BEE007A28EC /* SignupScreen.swift in Sources */,
				5943177F29A389AC007A28EC /* ContentView.swift in Sources */,
				597BE88129A4C69000E014ED /* EditProfileScreen.swift in Sources */,
				5943179D29A389EB007A28EC /* ImageViewer.swift in Sources */,
				594317AA29A39628007A28EC /* LoginSwicher.swift in Sources */,
				594317A829A394BB007A28EC /* LoginScreen.swift in Sources */,
				5943179A29A389EB007A28EC /* Shimmer.swift in Sources */,
				597BE87F29A49B5400E014ED /* CreateProfileScreen.swift in Sources */,
				5943179929A389EB007A28EC /* ImagePicker.swift in Sources */,
				5943179C29A389EB007A28EC /* PinkButton.swift in Sources */,
				5943179B29A389EB007A28EC /* SeekBar.swift in Sources */,
				5943179829A389EB007A28EC /* AppImages.swift in Sources */,
				5943177D29A389AC007A28EC /* Review_AppApp.swift in Sources */,
				5943C21B29A3A24B00586DE0 /* VerifyOTPScreen.swift in Sources */,
			);
			runOnlyForDeploymentPostprocessing = 0;
		};
/* End PBXSourcesBuildPhase section */

/* Begin XCBuildConfiguration section */
		5943178529A389B3007A28EC /* Debug */ = {
			isa = XCBuildConfiguration;
			buildSettings = {
				ALWAYS_SEARCH_USER_PATHS = NO;
				CLANG_ANALYZER_NONNULL = YES;
				CLANG_ANALYZER_NUMBER_OBJECT_CONVERSION = YES_AGGRESSIVE;
				CLANG_CXX_LANGUAGE_STANDARD = "gnu++20";
				CLANG_ENABLE_MODULES = YES;
				CLANG_ENABLE_OBJC_ARC = YES;
				CLANG_ENABLE_OBJC_WEAK = YES;
				CLANG_WARN_BLOCK_CAPTURE_AUTORELEASING = YES;
				CLANG_WARN_BOOL_CONVERSION = YES;
				CLANG_WARN_COMMA = YES;
				CLANG_WARN_CONSTANT_CONVERSION = YES;
				CLANG_WARN_DEPRECATED_OBJC_IMPLEMENTATIONS = YES;
				CLANG_WARN_DIRECT_OBJC_ISA_USAGE = YES_ERROR;
				CLANG_WARN_DOCUMENTATION_COMMENTS = YES;
				CLANG_WARN_EMPTY_BODY = YES;
				CLANG_WARN_ENUM_CONVERSION = YES;
				CLANG_WARN_INFINITE_RECURSION = YES;
				CLANG_WARN_INT_CONVERSION = YES;
				CLANG_WARN_NON_LITERAL_NULL_CONVERSION = YES;
				CLANG_WARN_OBJC_IMPLICIT_RETAIN_SELF = YES;
				CLANG_WARN_OBJC_LITERAL_CONVERSION = YES;
				CLANG_WARN_OBJC_ROOT_CLASS = YES_ERROR;
				CLANG_WARN_QUOTED_INCLUDE_IN_FRAMEWORK_HEADER = YES;
				CLANG_WARN_RANGE_LOOP_ANALYSIS = YES;
				CLANG_WARN_STRICT_PROTOTYPES = YES;
				CLANG_WARN_SUSPICIOUS_MOVE = YES;
				CLANG_WARN_UNGUARDED_AVAILABILITY = YES_AGGRESSIVE;
				CLANG_WARN_UNREACHABLE_CODE = YES;
				CLANG_WARN__DUPLICATE_METHOD_MATCH = YES;
				COPY_PHASE_STRIP = NO;
				DEBUG_INFORMATION_FORMAT = dwarf;
				ENABLE_STRICT_OBJC_MSGSEND = YES;
				ENABLE_TESTABILITY = YES;
				GCC_C_LANGUAGE_STANDARD = gnu11;
				GCC_DYNAMIC_NO_PIC = NO;
				GCC_NO_COMMON_BLOCKS = YES;
				GCC_OPTIMIZATION_LEVEL = 0;
				GCC_PREPROCESSOR_DEFINITIONS = (
					"DEBUG=1",
					"$(inherited)",
				);
				GCC_WARN_64_TO_32_BIT_CONVERSION = YES;
				GCC_WARN_ABOUT_RETURN_TYPE = YES_ERROR;
				GCC_WARN_UNDECLARED_SELECTOR = YES;
				GCC_WARN_UNINITIALIZED_AUTOS = YES_AGGRESSIVE;
				GCC_WARN_UNUSED_FUNCTION = YES;
				GCC_WARN_UNUSED_VARIABLE = YES;
				IPHONEOS_DEPLOYMENT_TARGET = 15.0;
				MTL_ENABLE_DEBUG_INFO = INCLUDE_SOURCE;
				MTL_FAST_MATH = YES;
				ONLY_ACTIVE_ARCH = YES;
				SDKROOT = iphoneos;
				SWIFT_ACTIVE_COMPILATION_CONDITIONS = DEBUG;
				SWIFT_OPTIMIZATION_LEVEL = "-Onone";
			};
			name = Debug;
		};
		5943178629A389B3007A28EC /* Release */ = {
			isa = XCBuildConfiguration;
			buildSettings = {
				ALWAYS_SEARCH_USER_PATHS = NO;
				CLANG_ANALYZER_NONNULL = YES;
				CLANG_ANALYZER_NUMBER_OBJECT_CONVERSION = YES_AGGRESSIVE;
				CLANG_CXX_LANGUAGE_STANDARD = "gnu++20";
				CLANG_ENABLE_MODULES = YES;
				CLANG_ENABLE_OBJC_ARC = YES;
				CLANG_ENABLE_OBJC_WEAK = YES;
				CLANG_WARN_BLOCK_CAPTURE_AUTORELEASING = YES;
				CLANG_WARN_BOOL_CONVERSION = YES;
				CLANG_WARN_COMMA = YES;
				CLANG_WARN_CONSTANT_CONVERSION = YES;
				CLANG_WARN_DEPRECATED_OBJC_IMPLEMENTATIONS = YES;
				CLANG_WARN_DIRECT_OBJC_ISA_USAGE = YES_ERROR;
				CLANG_WARN_DOCUMENTATION_COMMENTS = YES;
				CLANG_WARN_EMPTY_BODY = YES;
				CLANG_WARN_ENUM_CONVERSION = YES;
				CLANG_WARN_INFINITE_RECURSION = YES;
				CLANG_WARN_INT_CONVERSION = YES;
				CLANG_WARN_NON_LITERAL_NULL_CONVERSION = YES;
				CLANG_WARN_OBJC_IMPLICIT_RETAIN_SELF = YES;
				CLANG_WARN_OBJC_LITERAL_CONVERSION = YES;
				CLANG_WARN_OBJC_ROOT_CLASS = YES_ERROR;
				CLANG_WARN_QUOTED_INCLUDE_IN_FRAMEWORK_HEADER = YES;
				CLANG_WARN_RANGE_LOOP_ANALYSIS = YES;
				CLANG_WARN_STRICT_PROTOTYPES = YES;
				CLANG_WARN_SUSPICIOUS_MOVE = YES;
				CLANG_WARN_UNGUARDED_AVAILABILITY = YES_AGGRESSIVE;
				CLANG_WARN_UNREACHABLE_CODE = YES;
				CLANG_WARN__DUPLICATE_METHOD_MATCH = YES;
				COPY_PHASE_STRIP = NO;
				DEBUG_INFORMATION_FORMAT = "dwarf-with-dsym";
				ENABLE_NS_ASSERTIONS = NO;
				ENABLE_STRICT_OBJC_MSGSEND = YES;
				GCC_C_LANGUAGE_STANDARD = gnu11;
				GCC_NO_COMMON_BLOCKS = YES;
				GCC_WARN_64_TO_32_BIT_CONVERSION = YES;
				GCC_WARN_ABOUT_RETURN_TYPE = YES_ERROR;
				GCC_WARN_UNDECLARED_SELECTOR = YES;
				GCC_WARN_UNINITIALIZED_AUTOS = YES_AGGRESSIVE;
				GCC_WARN_UNUSED_FUNCTION = YES;
				GCC_WARN_UNUSED_VARIABLE = YES;
				IPHONEOS_DEPLOYMENT_TARGET = 15.0;
				MTL_ENABLE_DEBUG_INFO = NO;
				MTL_FAST_MATH = YES;
				SDKROOT = iphoneos;
				SWIFT_COMPILATION_MODE = wholemodule;
				SWIFT_OPTIMIZATION_LEVEL = "-O";
				VALIDATE_PRODUCT = YES;
			};
			name = Release;
		};
		5943178829A389B3007A28EC /* Debug */ = {
			isa = XCBuildConfiguration;
			buildSettings = {
				ASSETCATALOG_COMPILER_APPICON_NAME = AppIcon;
				ASSETCATALOG_COMPILER_GLOBAL_ACCENT_COLOR_NAME = AccentColor;
				CODE_SIGN_STYLE = Automatic;
				CURRENT_PROJECT_VERSION = 1;
				DEVELOPMENT_ASSET_PATHS = "\"Review App/Preview Content\"";
				ENABLE_PREVIEWS = YES;
				GENERATE_INFOPLIST_FILE = YES;
				INFOPLIST_KEY_UIApplicationSceneManifest_Generation = YES;
				INFOPLIST_KEY_UIApplicationSupportsIndirectInputEvents = YES;
				INFOPLIST_KEY_UILaunchScreen_Generation = YES;
				INFOPLIST_KEY_UISupportedInterfaceOrientations_iPad = "UIInterfaceOrientationPortrait UIInterfaceOrientationPortraitUpsideDown UIInterfaceOrientationLandscapeLeft UIInterfaceOrientationLandscapeRight";
				INFOPLIST_KEY_UISupportedInterfaceOrientations_iPhone = "UIInterfaceOrientationPortrait UIInterfaceOrientationLandscapeLeft UIInterfaceOrientationLandscapeRight";
				LD_RUNPATH_SEARCH_PATHS = (
					"$(inherited)",
					"@executable_path/Frameworks",
				);
				MARKETING_VERSION = 1.0;
				PRODUCT_BUNDLE_IDENTIFIER = "com.strangerchatapp.codecue.Review-App";
				PRODUCT_NAME = "$(TARGET_NAME)";
				SUPPORTED_PLATFORMS = "iphoneos iphonesimulator";
				SUPPORTS_MACCATALYST = NO;
				SUPPORTS_MAC_DESIGNED_FOR_IPHONE_IPAD = NO;
				SWIFT_EMIT_LOC_STRINGS = YES;
				SWIFT_VERSION = 5.0;
				TARGETED_DEVICE_FAMILY = "1,2";
			};
			name = Debug;
		};
		5943178929A389B3007A28EC /* Release */ = {
			isa = XCBuildConfiguration;
			buildSettings = {
				ASSETCATALOG_COMPILER_APPICON_NAME = AppIcon;
				ASSETCATALOG_COMPILER_GLOBAL_ACCENT_COLOR_NAME = AccentColor;
				CODE_SIGN_STYLE = Automatic;
				CURRENT_PROJECT_VERSION = 1;
				DEVELOPMENT_ASSET_PATHS = "\"Review App/Preview Content\"";
				ENABLE_PREVIEWS = YES;
				GENERATE_INFOPLIST_FILE = YES;
				INFOPLIST_KEY_UIApplicationSceneManifest_Generation = YES;
				INFOPLIST_KEY_UIApplicationSupportsIndirectInputEvents = YES;
				INFOPLIST_KEY_UILaunchScreen_Generation = YES;
				INFOPLIST_KEY_UISupportedInterfaceOrientations_iPad = "UIInterfaceOrientationPortrait UIInterfaceOrientationPortraitUpsideDown UIInterfaceOrientationLandscapeLeft UIInterfaceOrientationLandscapeRight";
				INFOPLIST_KEY_UISupportedInterfaceOrientations_iPhone = "UIInterfaceOrientationPortrait UIInterfaceOrientationLandscapeLeft UIInterfaceOrientationLandscapeRight";
				LD_RUNPATH_SEARCH_PATHS = (
					"$(inherited)",
					"@executable_path/Frameworks",
				);
				MARKETING_VERSION = 1.0;
				PRODUCT_BUNDLE_IDENTIFIER = "com.strangerchatapp.codecue.Review-App";
				PRODUCT_NAME = "$(TARGET_NAME)";
				SUPPORTED_PLATFORMS = "iphoneos iphonesimulator";
				SUPPORTS_MACCATALYST = NO;
				SUPPORTS_MAC_DESIGNED_FOR_IPHONE_IPAD = NO;
				SWIFT_EMIT_LOC_STRINGS = YES;
				SWIFT_VERSION = 5.0;
				TARGETED_DEVICE_FAMILY = "1,2";
			};
			name = Release;
		};
/* End XCBuildConfiguration section */

/* Begin XCConfigurationList section */
		5943177429A389AC007A28EC /* Build configuration list for PBXProject "Review App" */ = {
			isa = XCConfigurationList;
			buildConfigurations = (
				5943178529A389B3007A28EC /* Debug */,
				5943178629A389B3007A28EC /* Release */,
			);
			defaultConfigurationIsVisible = 0;
			defaultConfigurationName = Release;
		};
		5943178729A389B3007A28EC /* Build configuration list for PBXNativeTarget "Review App" */ = {
			isa = XCConfigurationList;
			buildConfigurations = (
				5943178829A389B3007A28EC /* Debug */,
				5943178929A389B3007A28EC /* Release */,
			);
			defaultConfigurationIsVisible = 0;
			defaultConfigurationName = Release;
		};
/* End XCConfigurationList section */

/* Begin XCRemoteSwiftPackageReference section */
		5943179E29A38A5E007A28EC /* XCRemoteSwiftPackageReference "Kingfisher" */ = {
			isa = XCRemoteSwiftPackageReference;
			repositoryURL = "https://github.com/onevcat/Kingfisher.git";
			requirement = {
				branch = master;
				kind = branch;
			};
		};
		594317A129A38A8F007A28EC /* XCRemoteSwiftPackageReference "SwiftUI-Shimmer" */ = {
			isa = XCRemoteSwiftPackageReference;
			repositoryURL = "https://github.com/markiv/SwiftUI-Shimmer.git";
			requirement = {
				branch = main;
				kind = branch;
			};
		};
/* End XCRemoteSwiftPackageReference section */

/* Begin XCSwiftPackageProductDependency section */
		5943179F29A38A5E007A28EC /* Kingfisher */ = {
			isa = XCSwiftPackageProductDependency;
			package = 5943179E29A38A5E007A28EC /* XCRemoteSwiftPackageReference "Kingfisher" */;
			productName = Kingfisher;
		};
		594317A229A38A8F007A28EC /* Shimmer */ = {
			isa = XCSwiftPackageProductDependency;
			package = 594317A129A38A8F007A28EC /* XCRemoteSwiftPackageReference "SwiftUI-Shimmer" */;
			productName = Shimmer;
		};
/* End XCSwiftPackageProductDependency section */
	};
	rootObject = 5943177129A389AC007A28EC /* Project object */;
}
